// !$*UTF8*$!
{
	archiveVersion = 1;
	classes = {
	};
	objectVersion = 50;
	objects = {

/* Begin PBXBuildFile section */
		04B5D55B221FC8F700BD2A80 /* AppDelegate.swift in Sources */ = {isa = PBXBuildFile; fileRef = 04B5D55A221FC8F700BD2A80 /* AppDelegate.swift */; };
		04B5D55D221FC8F700BD2A80 /* LoginViewController.swift in Sources */ = {isa = PBXBuildFile; fileRef = 04B5D55C221FC8F700BD2A80 /* LoginViewController.swift */; };
		04B5D562221FC8F800BD2A80 /* Assets.xcassets in Resources */ = {isa = PBXBuildFile; fileRef = 04B5D561221FC8F800BD2A80 /* Assets.xcassets */; };
		04B5D565221FC8F800BD2A80 /* LaunchScreen.storyboard in Resources */ = {isa = PBXBuildFile; fileRef = 04B5D563221FC8F800BD2A80 /* LaunchScreen.storyboard */; };
		04B5D56E221FC93300BD2A80 /* LoginView.swift in Sources */ = {isa = PBXBuildFile; fileRef = 04B5D56D221FC93300BD2A80 /* LoginView.swift */; };
		04B5D570221FC9C600BD2A80 /* ForgotPasswordViewController.swift in Sources */ = {isa = PBXBuildFile; fileRef = 04B5D56F221FC9C600BD2A80 /* ForgotPasswordViewController.swift */; };
		04B5D573221FCA0100BD2A80 /* SignUpViewController.swift in Sources */ = {isa = PBXBuildFile; fileRef = 04B5D572221FCA0100BD2A80 /* SignUpViewController.swift */; };
		04B5D5832220607400BD2A80 /* TextfieldExt.swift in Sources */ = {isa = PBXBuildFile; fileRef = 04B5D5822220607400BD2A80 /* TextfieldExt.swift */; };
		04B5D5852220681900BD2A80 /* TextValidatable.swift in Sources */ = {isa = PBXBuildFile; fileRef = 04B5D5842220681900BD2A80 /* TextValidatable.swift */; };
/* End PBXBuildFile section */

/* Begin PBXFileReference section */
		04B5D557221FC8F700BD2A80 /* PandoraDemoTakeTwo.app */ = {isa = PBXFileReference; explicitFileType = wrapper.application; includeInIndex = 0; path = PandoraDemoTakeTwo.app; sourceTree = BUILT_PRODUCTS_DIR; };
		04B5D55A221FC8F700BD2A80 /* AppDelegate.swift */ = {isa = PBXFileReference; lastKnownFileType = sourcecode.swift; path = AppDelegate.swift; sourceTree = "<group>"; };
		04B5D55C221FC8F700BD2A80 /* LoginViewController.swift */ = {isa = PBXFileReference; lastKnownFileType = sourcecode.swift; path = LoginViewController.swift; sourceTree = "<group>"; };
		04B5D561221FC8F800BD2A80 /* Assets.xcassets */ = {isa = PBXFileReference; lastKnownFileType = folder.assetcatalog; path = Assets.xcassets; sourceTree = "<group>"; };
		04B5D564221FC8F800BD2A80 /* Base */ = {isa = PBXFileReference; lastKnownFileType = file.storyboard; name = Base; path = Base.lproj/LaunchScreen.storyboard; sourceTree = "<group>"; };
		04B5D566221FC8F800BD2A80 /* Info.plist */ = {isa = PBXFileReference; lastKnownFileType = text.plist.xml; path = Info.plist; sourceTree = "<group>"; };
		04B5D56D221FC93300BD2A80 /* LoginView.swift */ = {isa = PBXFileReference; lastKnownFileType = sourcecode.swift; path = LoginView.swift; sourceTree = "<group>"; };
		04B5D56F221FC9C600BD2A80 /* ForgotPasswordViewController.swift */ = {isa = PBXFileReference; lastKnownFileType = sourcecode.swift; path = ForgotPasswordViewController.swift; sourceTree = "<group>"; };
		04B5D572221FCA0100BD2A80 /* SignUpViewController.swift */ = {isa = PBXFileReference; lastKnownFileType = sourcecode.swift; path = SignUpViewController.swift; sourceTree = "<group>"; };
		04B5D5822220607400BD2A80 /* TextfieldExt.swift */ = {isa = PBXFileReference; lastKnownFileType = sourcecode.swift; path = TextfieldExt.swift; sourceTree = "<group>"; };
		04B5D5842220681900BD2A80 /* TextValidatable.swift */ = {isa = PBXFileReference; lastKnownFileType = sourcecode.swift; path = TextValidatable.swift; sourceTree = "<group>"; };
/* End PBXFileReference section */

/* Begin PBXFrameworksBuildPhase section */
		04B5D554221FC8F700BD2A80 /* Frameworks */ = {
			isa = PBXFrameworksBuildPhase;
			buildActionMask = 2147483647;
			files = (
			);
			runOnlyForDeploymentPostprocessing = 0;
		};
/* End PBXFrameworksBuildPhase section */

/* Begin PBXGroup section */
		04B5D54E221FC8F700BD2A80 = {
			isa = PBXGroup;
			children = (
				04B5D559221FC8F700BD2A80 /* PandoraDemoTakeTwo */,
				04B5D558221FC8F700BD2A80 /* Products */,
			);
			sourceTree = "<group>";
		};
		04B5D558221FC8F700BD2A80 /* Products */ = {
			isa = PBXGroup;
			children = (
				04B5D557221FC8F700BD2A80 /* PandoraDemoTakeTwo.app */,
			);
			name = Products;
			sourceTree = "<group>";
		};
		04B5D559221FC8F700BD2A80 /* PandoraDemoTakeTwo */ = {
			isa = PBXGroup;
			children = (
				04B5D55A221FC8F700BD2A80 /* AppDelegate.swift */,
				04B5D5822220607400BD2A80 /* TextfieldExt.swift */,
				04B5D5842220681900BD2A80 /* TextValidatable.swift */,
				04B5D571221FC9CC00BD2A80 /* ViewControllers */,
				04B5D56C221FC92300BD2A80 /* Views */,
				04B5D561221FC8F800BD2A80 /* Assets.xcassets */,
				04B5D563221FC8F800BD2A80 /* LaunchScreen.storyboard */,
				04B5D566221FC8F800BD2A80 /* Info.plist */,
			);
			path = PandoraDemoTakeTwo;
			sourceTree = "<group>";
		};
		04B5D56C221FC92300BD2A80 /* Views */ = {
			isa = PBXGroup;
			children = (
				04B5D56D221FC93300BD2A80 /* LoginView.swift */,
			);
			path = Views;
			sourceTree = "<group>";
		};
		04B5D571221FC9CC00BD2A80 /* ViewControllers */ = {
			isa = PBXGroup;
			children = (
				04B5D55C221FC8F700BD2A80 /* LoginViewController.swift */,
				04B5D56F221FC9C600BD2A80 /* ForgotPasswordViewController.swift */,
				04B5D572221FCA0100BD2A80 /* SignUpViewController.swift */,
			);
			path = ViewControllers;
			sourceTree = "<group>";
		};
/* End PBXGroup section */

/* Begin PBXNativeTarget section */
		04B5D556221FC8F700BD2A80 /* PandoraDemoTakeTwo */ = {
			isa = PBXNativeTarget;
			buildConfigurationList = 04B5D569221FC8F800BD2A80 /* Build configuration list for PBXNativeTarget "PandoraDemoTakeTwo" */;
			buildPhases = (
				04B5D553221FC8F700BD2A80 /* Sources */,
				04B5D554221FC8F700BD2A80 /* Frameworks */,
				04B5D555221FC8F700BD2A80 /* Resources */,
			);
			buildRules = (
			);
			dependencies = (
			);
			name = PandoraDemoTakeTwo;
			productName = PandoraDemoTakeTwo;
			productReference = 04B5D557221FC8F700BD2A80 /* PandoraDemoTakeTwo.app */;
			productType = "com.apple.product-type.application";
		};
/* End PBXNativeTarget section */

/* Begin PBXProject section */
		04B5D54F221FC8F700BD2A80 /* Project object */ = {
			isa = PBXProject;
			attributes = {
				LastSwiftUpdateCheck = 1010;
				LastUpgradeCheck = 1010;
				ORGANIZATIONNAME = "Jeffrey Chang";
				TargetAttributes = {
					04B5D556221FC8F700BD2A80 = {
						CreatedOnToolsVersion = 10.1;
					};
				};
			};
			buildConfigurationList = 04B5D552221FC8F700BD2A80 /* Build configuration list for PBXProject "PandoraDemoTakeTwo" */;
			compatibilityVersion = "Xcode 9.3";
			developmentRegion = en;
			hasScannedForEncodings = 0;
			knownRegions = (
				en,
				Base,
			);
			mainGroup = 04B5D54E221FC8F700BD2A80;
			productRefGroup = 04B5D558221FC8F700BD2A80 /* Products */;
			projectDirPath = "";
			projectRoot = "";
			targets = (
				04B5D556221FC8F700BD2A80 /* PandoraDemoTakeTwo */,
			);
		};
/* End PBXProject section */

/* Begin PBXResourcesBuildPhase section */
		04B5D555221FC8F700BD2A80 /* Resources */ = {
			isa = PBXResourcesBuildPhase;
			buildActionMask = 2147483647;
			files = (
				04B5D565221FC8F800BD2A80 /* LaunchScreen.storyboard in Resources */,
				04B5D562221FC8F800BD2A80 /* Assets.xcassets in Resources */,
			);
			runOnlyForDeploymentPostprocessing = 0;
		};
/* End PBXResourcesBuildPhase section */

/* Begin PBXSourcesBuildPhase section */
		04B5D553221FC8F700BD2A80 /* Sources */ = {
			isa = PBXSourcesBuildPhase;
			buildActionMask = 2147483647;
			files = (
				04B5D570221FC9C600BD2A80 /* ForgotPasswordViewController.swift in Sources */,
				04B5D5832220607400BD2A80 /* TextfieldExt.swift in Sources */,
				04B5D5852220681900BD2A80 /* TextValidatable.swift in Sources */,
				04B5D56E221FC93300BD2A80 /* LoginView.swift in Sources */,
				04B5D55D221FC8F700BD2A80 /* LoginViewController.swift in Sources */,
				04B5D55B221FC8F700BD2A80 /* AppDelegate.swift in Sources */,
				04B5D573221FCA0100BD2A80 /* SignUpViewController.swift in Sources */,
			);
			runOnlyForDeploymentPostprocessing = 0;
		};
/* End PBXSourcesBuildPhase section */

/* Begin PBXVariantGroup section */
		04B5D563221FC8F800BD2A80 /* LaunchScreen.storyboard */ = {
			isa = PBXVariantGroup;
			children = (
				04B5D564221FC8F800BD2A80 /* Base */,
			);
			name = LaunchScreen.storyboard;
			sourceTree = "<group>";
		};
/* End PBXVariantGroup section */

/* Begin XCBuildConfiguration section */
		04B5D567221FC8F800BD2A80 /* Debug */ = {
			isa = XCBuildConfiguration;
			buildSettings = {
				ALWAYS_SEARCH_USER_PATHS = NO;
				CLANG_ANALYZER_NONNULL = YES;
				CLANG_ANALYZER_NUMBER_OBJECT_CONVERSION = YES_AGGRESSIVE;
				CLANG_CXX_LANGUAGE_STANDARD = "gnu++14";
				CLANG_CXX_LIBRARY = "libc++";
				CLANG_ENABLE_MODULES = YES;
				CLANG_ENABLE_OBJC_ARC = YES;
				CLANG_ENABLE_OBJC_WEAK = YES;
				CLANG_WARN_BLOCK_CAPTURE_AUTORELEASING = YES;
				CLANG_WARN_BOOL_CONVERSION = YES;
				CLANG_WARN_COMMA = YES;
				CLANG_WARN_CONSTANT_CONVERSION = YES;
				CLANG_WARN_DEPRECATED_OBJC_IMPLEMENTATIONS = YES;
				CLANG_WARN_DIRECT_OBJC_ISA_USAGE = YES_ERROR;
				CLANG_WARN_DOCUMENTATION_COMMENTS = YES;
				CLANG_WARN_EMPTY_BODY = YES;
				CLANG_WARN_ENUM_CONVERSION = YES;
				CLANG_WARN_INFINITE_RECURSION = YES;
				CLANG_WARN_INT_CONVERSION = YES;
				CLANG_WARN_NON_LITERAL_NULL_CONVERSION = YES;
				CLANG_WARN_OBJC_IMPLICIT_RETAIN_SELF = YES;
				CLANG_WARN_OBJC_LITERAL_CONVERSION = YES;
				CLANG_WARN_OBJC_ROOT_CLASS = YES_ERROR;
				CLANG_WARN_RANGE_LOOP_ANALYSIS = YES;
				CLANG_WARN_STRICT_PROTOTYPES = YES;
				CLANG_WARN_SUSPICIOUS_MOVE = YES;
				CLANG_WARN_UNGUARDED_AVAILABILITY = YES_AGGRESSIVE;
				CLANG_WARN_UNREACHABLE_CODE = YES;
				CLANG_WARN__DUPLICATE_METHOD_MATCH = YES;
				CODE_SIGN_IDENTITY = "iPhone Developer";
				COPY_PHASE_STRIP = NO;
				DEBUG_INFORMATION_FORMAT = dwarf;
				ENABLE_STRICT_OBJC_MSGSEND = YES;
				ENABLE_TESTABILITY = YES;
				GCC_C_LANGUAGE_STANDARD = gnu11;
				GCC_DYNAMIC_NO_PIC = NO;
				GCC_NO_COMMON_BLOCKS = YES;
				GCC_OPTIMIZATION_LEVEL = 0;
				GCC_PREPROCESSOR_DEFINITIONS = (
					"DEBUG=1",
					"$(inherited)",
				);
				GCC_WARN_64_TO_32_BIT_CONVERSION = YES;
				GCC_WARN_ABOUT_RETURN_TYPE = YES_ERROR;
				GCC_WARN_UNDECLARED_SELECTOR = YES;
				GCC_WARN_UNINITIALIZED_AUTOS = YES_AGGRESSIVE;
				GCC_WARN_UNUSED_FUNCTION = YES;
				GCC_WARN_UNUSED_VARIABLE = YES;
				IPHONEOS_DEPLOYMENT_TARGET = 12.1;
				MTL_ENABLE_DEBUG_INFO = INCLUDE_SOURCE;
				MTL_FAST_MATH = YES;
				ONLY_ACTIVE_ARCH = YES;
				SDKROOT = iphoneos;
				SWIFT_ACTIVE_COMPILATION_CONDITIONS = DEBUG;
				SWIFT_OPTIMIZATION_LEVEL = "-Onone";
			};
			name = Debug;
		};
		04B5D568221FC8F800BD2A80 /* Release */ = {
			isa = XCBuildConfiguration;
			buildSettings = {
				ALWAYS_SEARCH_USER_PATHS = NO;
				CLANG_ANALYZER_NONNULL = YES;
				CLANG_ANALYZER_NUMBER_OBJECT_CONVERSION = YES_AGGRESSIVE;
				CLANG_CXX_LANGUAGE_STANDARD = "gnu++14";
				CLANG_CXX_LIBRARY = "libc++";
				CLANG_ENABLE_MODULES = YES;
				CLANG_ENABLE_OBJC_ARC = YES;
				CLANG_ENABLE_OBJC_WEAK = YES;
				CLANG_WARN_BLOCK_CAPTURE_AUTORELEASING = YES;
				CLANG_WARN_BOOL_CONVERSION = YES;
				CLANG_WARN_COMMA = YES;
				CLANG_WARN_CONSTANT_CONVERSION = YES;
				CLANG_WARN_DEPRECATED_OBJC_IMPLEMENTATIONS = YES;
				CLANG_WARN_DIRECT_OBJC_ISA_USAGE = YES_ERROR;
				CLANG_WARN_DOCUMENTATION_COMMENTS = YES;
				CLANG_WARN_EMPTY_BODY = YES;
				CLANG_WARN_ENUM_CONVERSION = YES;
				CLANG_WARN_INFINITE_RECURSION = YES;
				CLANG_WARN_INT_CONVERSION = YES;
				CLANG_WARN_NON_LITERAL_NULL_CONVERSION = YES;
				CLANG_WARN_OBJC_IMPLICIT_RETAIN_SELF = YES;
				CLANG_WARN_OBJC_LITERAL_CONVERSION = YES;
				CLANG_WARN_OBJC_ROOT_CLASS = YES_ERROR;
				CLANG_WARN_RANGE_LOOP_ANALYSIS = YES;
				CLANG_WARN_STRICT_PROTOTYPES = YES;
				CLANG_WARN_SUSPICIOUS_MOVE = YES;
				CLANG_WARN_UNGUARDED_AVAILABILITY = YES_AGGRESSIVE;
				CLANG_WARN_UNREACHABLE_CODE = YES;
				CLANG_WARN__DUPLICATE_METHOD_MATCH = YES;
				CODE_SIGN_IDENTITY = "iPhone Developer";
				COPY_PHASE_STRIP = NO;
				DEBUG_INFORMATION_FORMAT = "dwarf-with-dsym";
				ENABLE_NS_ASSERTIONS = NO;
				ENABLE_STRICT_OBJC_MSGSEND = YES;
				GCC_C_LANGUAGE_STANDARD = gnu11;
				GCC_NO_COMMON_BLOCKS = YES;
				GCC_WARN_64_TO_32_BIT_CONVERSION = YES;
				GCC_WARN_ABOUT_RETURN_TYPE = YES_ERROR;
				GCC_WARN_UNDECLARED_SELECTOR = YES;
				GCC_WARN_UNINITIALIZED_AUTOS = YES_AGGRESSIVE;
				GCC_WARN_UNUSED_FUNCTION = YES;
				GCC_WARN_UNUSED_VARIABLE = YES;
				IPHONEOS_DEPLOYMENT_TARGET = 12.1;
				MTL_ENABLE_DEBUG_INFO = NO;
				MTL_FAST_MATH = YES;
				SDKROOT = iphoneos;
				SWIFT_COMPILATION_MODE = wholemodule;
				SWIFT_OPTIMIZATION_LEVEL = "-O";
				VALIDATE_PRODUCT = YES;
			};
			name = Release;
		};
		04B5D56A221FC8F800BD2A80 /* Debug */ = {
			isa = XCBuildConfiguration;
			buildSettings = {
				ASSETCATALOG_COMPILER_APPICON_NAME = AppIcon;
				CODE_SIGN_STYLE = Automatic;
				DEVELOPMENT_TEAM = FW4R4DYW79;
				INFOPLIST_FILE = PandoraDemoTakeTwo/Info.plist;
				LD_RUNPATH_SEARCH_PATHS = (
					"$(inherited)",
					"@executable_path/Frameworks",
				);
				PRODUCT_BUNDLE_IDENTIFIER = Jeff.PandoraDemoTakeTwo;
				PRODUCT_NAME = "$(TARGET_NAME)";
				SWIFT_VERSION = 4.2;
				TARGETED_DEVICE_FAMILY = "1,2";
			};
			name = Debug;
		};
		04B5D56B221FC8F800BD2A80 /* Release */ = {
			isa = XCBuildConfiguration;
			buildSettings = {
				ASSETCATALOG_COMPILER_APPICON_NAME = AppIcon;
				CODE_SIGN_STYLE = Automatic;
				DEVELOPMENT_TEAM = FW4R4DYW79;
				INFOPLIST_FILE = PandoraDemoTakeTwo/Info.plist;
				LD_RUNPATH_SEARCH_PATHS = (
					"$(inherited)",
					"@executable_path/Frameworks",
				);
				PRODUCT_BUNDLE_IDENTIFIER = Jeff.PandoraDemoTakeTwo;
				PRODUCT_NAME = "$(TARGET_NAME)";
				SWIFT_VERSION = 4.2;
				TARGETED_DEVICE_FAMILY = "1,2";
			};
			name = Release;
		};
/* End XCBuildConfiguration section */

/* Begin XCConfigurationList section */
		04B5D552221FC8F700BD2A80 /* Build configuration list for PBXProject "PandoraDemoTakeTwo" */ = {
			isa = XCConfigurationList;
			buildConfigurations = (
				04B5D567221FC8F800BD2A80 /* Debug */,
				04B5D568221FC8F800BD2A80 /* Release */,
			);
			defaultConfigurationIsVisible = 0;
			defaultConfigurationName = Release;
		};
		04B5D569221FC8F800BD2A80 /* Build configuration list for PBXNativeTarget "PandoraDemoTakeTwo" */ = {
			isa = XCConfigurationList;
			buildConfigurations = (
				04B5D56A221FC8F800BD2A80 /* Debug */,
				04B5D56B221FC8F800BD2A80 /* Release */,
			);
			defaultConfigurationIsVisible = 0;
			defaultConfigurationName = Release;
		};
/* End XCConfigurationList section */
	};
	rootObject = 04B5D54F221FC8F700BD2A80 /* Project object */;
}
